<?xml version="1.0" encoding="utf-8"?>
<Project ToolsVersion="4.0" xmlns="http://schemas.microsoft.com/developer/msbuild/2003">
  <ItemGroup>
    <Filter Include="Client">
      <UniqueIdentifier>{e5ab2be0-4b0e-45f9-a060-e675c05188c5}</UniqueIdentifier>
    </Filter>
    <Filter Include="Pch">
      <UniqueIdentifier>{3e189de7-d73c-4c9e-b385-41ffff0e12a7}</UniqueIdentifier>
    </Filter>
    <Filter Include="Client\00. Scene">
      <UniqueIdentifier>{c08cc455-fa1a-4dfa-b94b-4ebdb4316dea}</UniqueIdentifier>
    </Filter>
    <Filter Include="Client\01. GameObject">
      <UniqueIdentifier>{5e418c14-dbaf-43b9-857e-c60e0ebb6468}</UniqueIdentifier>
    </Filter>
    <Filter Include="Client\01. GameObject\Dbg">
      <UniqueIdentifier>{9851ffd3-a4b8-40cf-a793-4ec295639676}</UniqueIdentifier>
    </Filter>
    <Filter Include="Client\01. GameObject\Skydome">
      <UniqueIdentifier>{f9bd669c-d68d-42d2-a8ee-ef396dc67aa4}</UniqueIdentifier>
    </Filter>
    <Filter Include="Client\Planets">
      <UniqueIdentifier>{d886fc5c-f67a-4f23-8069-af6e8c3df523}</UniqueIdentifier>
    </Filter>
  </ItemGroup>
  <ItemGroup>
    <ClCompile Include="main.cpp">
      <Filter>Client</Filter>
    </ClCompile>
    <ClCompile Include="pch.cpp">
      <Filter>Pch</Filter>
    </ClCompile>
    <ClCompile Include="JProject.cpp">
      <Filter>Client</Filter>
    </ClCompile>
    <ClCompile Include="TitleScene.cpp">
      <Filter>Client\00. Scene</Filter>
    </ClCompile>
    <ClCompile Include="DbgBox.cpp">
      <Filter>Client\01. GameObject\Dbg</Filter>
    </ClCompile>
    <ClCompile Include="DbgCamera.cpp">
      <Filter>Client\01. GameObject\Dbg</Filter>
    </ClCompile>
    <ClCompile Include="Skydome.cpp">
      <Filter>Client\01. GameObject\Skydome</Filter>
    </ClCompile>
    <ClCompile Include="DbgSphere.cpp">
      <Filter>Client\01. GameObject\Dbg</Filter>
    </ClCompile>
    <ClCompile Include="DbgGrid.cpp">
      <Filter>Client\01. GameObject\Dbg</Filter>
    </ClCompile>
    <ClCompile Include="Earth.cpp">
      <Filter>Client\Planets</Filter>
    </ClCompile>
    <ClCompile Include="Sun.cpp">
      <Filter>Client\Planets</Filter>
    </ClCompile>
    <ClCompile Include="Moon.cpp">
      <Filter>Client\Planets</Filter>
    </ClCompile>
  </ItemGroup>
  <ItemGroup>
    <ClInclude Include="pch.h">
      <Filter>Pch</Filter>
    </ClInclude>
    <ClInclude Include="JProject.h">
      <Filter>Client</Filter>
    </ClInclude>
    <ClInclude Include="TitleScene.h">
      <Filter>Client\00. Scene</Filter>
    </ClInclude>
    <ClInclude Include="DbgBox.h">
      <Filter>Client\01. GameObject\Dbg</Filter>
    </ClInclude>
    <ClInclude Include="DbgCamera.h">
      <Filter>Client\01. GameObject\Dbg</Filter>
    </ClInclude>
    <ClInclude Include="Skydome.h">
      <Filter>Client\01. GameObject\Skydome</Filter>
    </ClInclude>
    <ClInclude Include="DbgSphere.h">
      <Filter>Client\01. GameObject\Dbg</Filter>
    </ClInclude>
    <ClInclude Include="DbgGrid.h">
      <Filter>Client\01. GameObject\Dbg</Filter>
    </ClInclude>
    <ClInclude Include="Earth.h">
      <Filter>Client\Planets</Filter>
    </ClInclude>
    <ClInclude Include="Sun.h">
      <Filter>Client\Planets</Filter>
    </ClInclude>
    <ClInclude Include="Moon.h">
      <Filter>Client\Planets</Filter>
    </ClInclude>
  </ItemGroup>
</Project>